
Microsoft Visual Studio Solution File, Format Version 12.00
# Visual Studio Version 17
VisualStudioVersion = 17.0.31825.309
MinimumVisualStudioVersion = 10.0.40219.1
Project("{9A19103F-16F7-4668-BE54-9A1E7A4F7556}") = "ThreadsTasksHW", "ThreadsTasksHW\ThreadsTasksHW.csproj", "{79D41EE4-24D6-4DB7-8825-D95657A3CBF8}"
EndProject
Project("{FAE04EC0-301F-11D3-BF4B-00C04F79EFBC}") = "SearchInDrive", "SearchInDrive\SearchInDrive.csproj", "{4D342C28-0B2F-4D02-83EF-C6668CA1DC7C}"
EndProject
Global
	GlobalSection(SolutionConfigurationPlatforms) = preSolution
		Debug|Any CPU = Debug|Any CPU
		Release|Any CPU = Release|Any CPU
	EndGlobalSection
	GlobalSection(ProjectConfigurationPlatforms) = postSolution
		{79D41EE4-24D6-4DB7-8825-D95657A3CBF8}.Debug|Any CPU.ActiveCfg = Debug|Any CPU
		{79D41EE4-24D6-4DB7-8825-D95657A3CBF8}.Debug|Any CPU.Build.0 = Debug|Any CPU
		{79D41EE4-24D6-4DB7-8825-D95657A3CBF8}.Release|Any CPU.ActiveCfg = Release|Any CPU
		{79D41EE4-24D6-4DB7-8825-D95657A3CBF8}.Release|Any CPU.Build.0 = Release|Any CPU
		{4D342C28-0B2F-4D02-83EF-C6668CA1DC7C}.Debug|Any CPU.ActiveCfg = Debug|Any CPU
		{4D342C28-0B2F-4D02-83EF-C6668CA1DC7C}.Debug|Any CPU.Build.0 = Debug|Any CPU
		{4D342C28-0B2F-4D02-83EF-C6668CA1DC7C}.Release|Any CPU.ActiveCfg = Release|Any CPU
		{4D342C28-0B2F-4D02-83EF-C6668CA1DC7C}.Release|Any CPU.Build.0 = Release|Any CPU
	EndGlobalSection
	GlobalSection(SolutionProperties) = preSolution
		HideSolutionNode = FALSE
	EndGlobalSection
	GlobalSection(ExtensibilityGlobals) = postSolution
		SolutionGuid = {95880227-9E27-4B13-A284-2B6BCD26372D}
	EndGlobalSection
EndGlobal
